# This file is automatically @generated by Cargo.
# It is not intended for manual editing.
version = 3

[[package]]
name = "runnerctl"
version = "0.1.0"
dependencies = [
 "runnerctl-core",
]

[[package]]
name = "runnerctl-core"
version = "0.1.0"

[[package]]
name = "runnerctl-helper"
version = "0.1.0"
